hash: eae01b2276296447cbd7e12179d76c0f49e7430a44865f50d63b01260d499017
updated: 2017-04-07T17:22:16.746702043+08:00
imports:
- name: github.com/codeskyblue/muuid
  version: 44f8dfd4b3a966e347fe17845ccdc0ba16218b5c
- name: github.com/DHowett/go-plist
  version: 795cf23fd27fdbda70145d79acd9670319f8a622
- name: github.com/facebookgo/freeport
  version: d4adf43b75b9357dc7775f033e807a3411591522
- name: github.com/gorilla/context
  version: 08b5f424b9271eedf6f9f0ce86cb9396ed337a42
- name: github.com/gorilla/mux
  version: 599cba5e7b6137d46ddf58fb1765f5d928e69604
- name: github.com/gorilla/websocket
  version: a91eba7f97777409bc2c443f5534d41dd20c5720
- name: github.com/mash/go-accesslog
  version: 9ba8e13f36087d6cb83d9a9f17f9e8da137d5ee9
- name: github.com/ogier/pflag
  version: 45c278ab3607870051a2ea9040bb85fcb8557481
- name: github.com/pkg/errors
  version: ff09b135c25aae272398c51a07235b90a75aa4f0
- name: github.com/qiniu/log
  version: a304a74568d6982c5b89de1c68ac8fca3add196a
- name: github.com/satori/go.uuid
  version: b061729afc07e77a8aa4fad0a2fd840958f1942a
- name: github.com/shurcooL/httpfs
  version: df3d5d88c59699064c4449a2d4e3db0f07e74ed9
  subpackages:
  - vfsutil
- name: github.com/shurcooL/vfsgen
  version: 47fc2dca6b1893fc933dd7476c615a3fda08e3b9
- name: golang.org/x/tools
  version: 24acc66eabead631b4e856255a9ad925549cee80
  subpackages:
  - godoc/vfs
testImports: []
